
Microsoft Visual Studio Solution File, Format Version 12.00
# Visual Studio Version 17
VisualStudioVersion = 17.5.33502.453
MinimumVisualStudioVersion = 10.0.40219.1
Project("{F184B08F-C81C-45F6-A57F-5ABD9991F28F}") = "QLBHDD", "DangNhap\QLBHDD.vbproj", "{9C36CFF5-34F9-4D21-8DC3-E822A6DDF8DB}"
EndProject
Global
	GlobalSection(SolutionConfigurationPlatforms) = preSolution
		Debug|Any CPU = Debug|Any CPU
		Release|Any CPU = Release|Any CPU
	EndGlobalSection
	GlobalSection(ProjectConfigurationPlatforms) = postSolution
		{9C36CFF5-34F9-4D21-8DC3-E822A6DDF8DB}.Debug|Any CPU.ActiveCfg = Debug|Any CPU
		{9C36CFF5-34F9-4D21-8DC3-E822A6DDF8DB}.Debug|Any CPU.Build.0 = Debug|Any CPU
		{9C36CFF5-34F9-4D21-8DC3-E822A6DDF8DB}.Release|Any CPU.ActiveCfg = Release|Any CPU
		{9C36CFF5-34F9-4D21-8DC3-E822A6DDF8DB}.Release|Any CPU.Build.0 = Release|Any CPU
	EndGlobalSection
	GlobalSection(SolutionProperties) = preSolution
		HideSolutionNode = FALSE
	EndGlobalSection
	GlobalSection(ExtensibilityGlobals) = postSolution
		SolutionGuid = {D2B094D0-72AF-419B-9F9C-74BE0775A346}
	EndGlobalSection
EndGlobal
